// !$*UTF8*$!
{
	archiveVersion = 1;
	classes = {
	};
	objectVersion = 56;
	objects = {

/* Begin PBXBuildFile section */
		B826AB312C485DAD007337B3 /* VoxelCore in Frameworks */ = {isa = PBXBuildFile; productRef = B826AB302C485DAD007337B3 /* VoxelCore */; };
		B826AB332C491EDB007337B3 /* TabBarController.swift in Sources */ = {isa = PBXBuildFile; fileRef = B826AB322C491EDB007337B3 /* TabBarController.swift */; };
		B826AB352C49252E007337B3 /* Tab.swift in Sources */ = {isa = PBXBuildFile; fileRef = B826AB342C49252E007337B3 /* Tab.swift */; };
		B826AB382C495206007337B3 /* VoxelSettings in Frameworks */ = {isa = PBXBuildFile; productRef = B826AB372C495206007337B3 /* VoxelSettings */; };
		B852387A2C525DFE00EEF9BC /* GoogleService-Info.plist in Resources */ = {isa = PBXBuildFile; fileRef = B85238792C525DFE00EEF9BC /* GoogleService-Info.plist */; };
		B852387E2C5850DE00EEF9BC /* DIContainer.swift in Sources */ = {isa = PBXBuildFile; fileRef = B852387D2C5850DE00EEF9BC /* DIContainer.swift */; };
		B85238812C58E36000EEF9BC /* Swinject in Frameworks */ = {isa = PBXBuildFile; productRef = B85238802C58E36000EEF9BC /* Swinject */; };
		B85238832C58E36000EEF9BC /* Swinject-Dynamic in Frameworks */ = {isa = PBXBuildFile; productRef = B85238822C58E36000EEF9BC /* Swinject-Dynamic */; };
		B85238852C58E45200EEF9BC /* AppAssembly.swift in Sources */ = {isa = PBXBuildFile; fileRef = B85238842C58E45200EEF9BC /* AppAssembly.swift */; };
		B85238A62C64F40300EEF9BC /* AppCoordinator.swift in Sources */ = {isa = PBXBuildFile; fileRef = B85238A52C64F40300EEF9BC /* AppCoordinator.swift */; };
		B8DE13282C33F94400E59B82 /* AppDelegate.swift in Sources */ = {isa = PBXBuildFile; fileRef = B8DE13272C33F94400E59B82 /* AppDelegate.swift */; };
		B8DE132A2C33F94400E59B82 /* SceneDelegate.swift in Sources */ = {isa = PBXBuildFile; fileRef = B8DE13292C33F94400E59B82 /* SceneDelegate.swift */; };
		B8DE13312C33F94500E59B82 /* Assets.xcassets in Resources */ = {isa = PBXBuildFile; fileRef = B8DE13302C33F94500E59B82 /* Assets.xcassets */; };
		B8DE13342C33F94500E59B82 /* Base in Resources */ = {isa = PBXBuildFile; fileRef = B8DE13332C33F94500E59B82 /* Base */; };
		B8DE13642C37E9AB00E59B82 /* VoxelLogin in Frameworks */ = {isa = PBXBuildFile; productRef = B8DE13632C37E9AB00E59B82 /* VoxelLogin */; };
		B8DE13682C37F5C300E59B82 /* IBMPlexSerif-Bold.ttf in Resources */ = {isa = PBXBuildFile; fileRef = B8DE13672C37F5C300E59B82 /* IBMPlexSerif-Bold.ttf */; };
		B8DE136A2C37FF7D00E59B82 /* IBMPlexSerif-Regular.ttf in Resources */ = {isa = PBXBuildFile; fileRef = B8DE13692C37FF7D00E59B82 /* IBMPlexSerif-Regular.ttf */; };
		B8DE136C2C38011100E59B82 /* IBMPlexSans-Regular.ttf in Resources */ = {isa = PBXBuildFile; fileRef = B8DE136B2C38011100E59B82 /* IBMPlexSans-Regular.ttf */; };
		B8DE136E2C3BF2B600E59B82 /* IBMPlexSans-SemiBold.ttf in Resources */ = {isa = PBXBuildFile; fileRef = B8DE136D2C3BF2B600E59B82 /* IBMPlexSans-SemiBold.ttf */; };
		B8F768FC2C3E9F7600185CB7 /* DesignSystem in Frameworks */ = {isa = PBXBuildFile; productRef = B8F768FB2C3E9F7600185CB7 /* DesignSystem */; };
		B8F768FE2C3EA69800185CB7 /* IBMPlexSans-Bold.ttf in Resources */ = {isa = PBXBuildFile; fileRef = B8F768FD2C3EA69800185CB7 /* IBMPlexSans-Bold.ttf */; };
		B8F769032C407B6600185CB7 /* FirebaseAuth in Frameworks */ = {isa = PBXBuildFile; productRef = B8F769022C407B6600185CB7 /* FirebaseAuth */; };
/* End PBXBuildFile section */

/* Begin PBXFileReference section */
		B826AB322C491EDB007337B3 /* TabBarController.swift */ = {isa = PBXFileReference; lastKnownFileType = sourcecode.swift; path = TabBarController.swift; sourceTree = "<group>"; };
		B826AB342C49252E007337B3 /* Tab.swift */ = {isa = PBXFileReference; lastKnownFileType = sourcecode.swift; path = Tab.swift; sourceTree = "<group>"; };
		B85238792C525DFE00EEF9BC /* GoogleService-Info.plist */ = {isa = PBXFileReference; fileEncoding = 4; lastKnownFileType = text.plist.xml; path = "GoogleService-Info.plist"; sourceTree = "<group>"; };
		B852387D2C5850DE00EEF9BC /* DIContainer.swift */ = {isa = PBXFileReference; lastKnownFileType = sourcecode.swift; path = DIContainer.swift; sourceTree = "<group>"; };
		B85238842C58E45200EEF9BC /* AppAssembly.swift */ = {isa = PBXFileReference; lastKnownFileType = sourcecode.swift; path = AppAssembly.swift; sourceTree = "<group>"; };
		B85238A52C64F40300EEF9BC /* AppCoordinator.swift */ = {isa = PBXFileReference; lastKnownFileType = sourcecode.swift; path = AppCoordinator.swift; sourceTree = "<group>"; };
		B8DE13242C33F94400E59B82 /* Voxel.app */ = {isa = PBXFileReference; explicitFileType = wrapper.application; includeInIndex = 0; path = Voxel.app; sourceTree = BUILT_PRODUCTS_DIR; };
		B8DE13272C33F94400E59B82 /* AppDelegate.swift */ = {isa = PBXFileReference; lastKnownFileType = sourcecode.swift; path = AppDelegate.swift; sourceTree = "<group>"; };
		B8DE13292C33F94400E59B82 /* SceneDelegate.swift */ = {isa = PBXFileReference; lastKnownFileType = sourcecode.swift; path = SceneDelegate.swift; sourceTree = "<group>"; };
		B8DE13302C33F94500E59B82 /* Assets.xcassets */ = {isa = PBXFileReference; lastKnownFileType = folder.assetcatalog; path = Assets.xcassets; sourceTree = "<group>"; };
		B8DE13332C33F94500E59B82 /* Base */ = {isa = PBXFileReference; lastKnownFileType = file.storyboard; name = Base; path = Base.lproj/LaunchScreen.storyboard; sourceTree = "<group>"; };
		B8DE13352C33F94500E59B82 /* Info.plist */ = {isa = PBXFileReference; lastKnownFileType = text.plist.xml; path = Info.plist; sourceTree = "<group>"; };
		B8DE133B2C33FB0E00E59B82 /* Modules */ = {isa = PBXFileReference; lastKnownFileType = wrapper; name = Modules; path = ../Modules; sourceTree = "<group>"; };
		B8DE13672C37F5C300E59B82 /* IBMPlexSerif-Bold.ttf */ = {isa = PBXFileReference; lastKnownFileType = file; path = "IBMPlexSerif-Bold.ttf"; sourceTree = "<group>"; };
		B8DE13692C37FF7D00E59B82 /* IBMPlexSerif-Regular.ttf */ = {isa = PBXFileReference; lastKnownFileType = file; path = "IBMPlexSerif-Regular.ttf"; sourceTree = "<group>"; };
		B8DE136B2C38011100E59B82 /* IBMPlexSans-Regular.ttf */ = {isa = PBXFileReference; lastKnownFileType = file; path = "IBMPlexSans-Regular.ttf"; sourceTree = "<group>"; };
		B8DE136D2C3BF2B600E59B82 /* IBMPlexSans-SemiBold.ttf */ = {isa = PBXFileReference; lastKnownFileType = file; path = "IBMPlexSans-SemiBold.ttf"; sourceTree = "<group>"; };
		B8F768FD2C3EA69800185CB7 /* IBMPlexSans-Bold.ttf */ = {isa = PBXFileReference; lastKnownFileType = file; path = "IBMPlexSans-Bold.ttf"; sourceTree = "<group>"; };
/* End PBXFileReference section */

/* Begin PBXFrameworksBuildPhase section */
		B8DE13212C33F94400E59B82 /* Frameworks */ = {
			isa = PBXFrameworksBuildPhase;
			buildActionMask = 2147483647;
			files = (
				B826AB312C485DAD007337B3 /* VoxelCore in Frameworks */,
				B85238832C58E36000EEF9BC /* Swinject-Dynamic in Frameworks */,
				B826AB382C495206007337B3 /* VoxelSettings in Frameworks */,
				B8DE13642C37E9AB00E59B82 /* VoxelLogin in Frameworks */,
				B8F769032C407B6600185CB7 /* FirebaseAuth in Frameworks */,
				B8F768FC2C3E9F7600185CB7 /* DesignSystem in Frameworks */,
				B85238812C58E36000EEF9BC /* Swinject in Frameworks */,
			);
			runOnlyForDeploymentPostprocessing = 0;
		};
/* End PBXFrameworksBuildPhase section */

/* Begin PBXGroup section */
		B826AB362C49257A007337B3 /* Tab */ = {
			isa = PBXGroup;
			children = (
				B826AB322C491EDB007337B3 /* TabBarController.swift */,
				B826AB342C49252E007337B3 /* Tab.swift */,
			);
			path = Tab;
			sourceTree = "<group>";
		};
		B8DE131B2C33F94400E59B82 = {
			isa = PBXGroup;
			children = (
				B8DE133B2C33FB0E00E59B82 /* Modules */,
				B8DE13262C33F94400E59B82 /* Voxel */,
				B8DE13252C33F94400E59B82 /* Products */,
				B8DE13622C37E9AB00E59B82 /* Frameworks */,
			);
			sourceTree = "<group>";
		};
		B8DE13252C33F94400E59B82 /* Products */ = {
			isa = PBXGroup;
			children = (
				B8DE13242C33F94400E59B82 /* Voxel.app */,
			);
			name = Products;
			sourceTree = "<group>";
		};
		B8DE13262C33F94400E59B82 /* Voxel */ = {
			isa = PBXGroup;
			children = (
				B826AB362C49257A007337B3 /* Tab */,
				B8DE13652C37F37000E59B82 /* Resources */,
				B8DE13272C33F94400E59B82 /* AppDelegate.swift */,
				B852387D2C5850DE00EEF9BC /* DIContainer.swift */,
				B8DE13292C33F94400E59B82 /* SceneDelegate.swift */,
				B8DE13322C33F94500E59B82 /* LaunchScreen.storyboard */,
				B85238792C525DFE00EEF9BC /* GoogleService-Info.plist */,
				B8DE13352C33F94500E59B82 /* Info.plist */,
				B85238842C58E45200EEF9BC /* AppAssembly.swift */,
				B85238A52C64F40300EEF9BC /* AppCoordinator.swift */,
			);
			path = Voxel;
			sourceTree = "<group>";
		};
		B8DE13622C37E9AB00E59B82 /* Frameworks */ = {
			isa = PBXGroup;
			children = (
			);
			name = Frameworks;
			sourceTree = "<group>";
		};
		B8DE13652C37F37000E59B82 /* Resources */ = {
			isa = PBXGroup;
			children = (
				B8DE13662C37F39F00E59B82 /* Fonts */,
				B8DE13302C33F94500E59B82 /* Assets.xcassets */,
			);
			path = Resources;
			sourceTree = "<group>";
		};
		B8DE13662C37F39F00E59B82 /* Fonts */ = {
			isa = PBXGroup;
			children = (
				B8F768FD2C3EA69800185CB7 /* IBMPlexSans-Bold.ttf */,
				B8DE136D2C3BF2B600E59B82 /* IBMPlexSans-SemiBold.ttf */,
				B8DE136B2C38011100E59B82 /* IBMPlexSans-Regular.ttf */,
				B8DE13672C37F5C300E59B82 /* IBMPlexSerif-Bold.ttf */,
				B8DE13692C37FF7D00E59B82 /* IBMPlexSerif-Regular.ttf */,
			);
			path = Fonts;
			sourceTree = "<group>";
		};
/* End PBXGroup section */

/* Begin PBXNativeTarget section */
		B8DE13232C33F94400E59B82 /* Voxel */ = {
			isa = PBXNativeTarget;
			buildConfigurationList = B8DE13382C33F94500E59B82 /* Build configuration list for PBXNativeTarget "Voxel" */;
			buildPhases = (
				B8DE13202C33F94400E59B82 /* Sources */,
				B8DE13212C33F94400E59B82 /* Frameworks */,
				B8DE13222C33F94400E59B82 /* Resources */,
			);
			buildRules = (
			);
			dependencies = (
			);
			name = Voxel;
			packageProductDependencies = (
				B8DE13632C37E9AB00E59B82 /* VoxelLogin */,
				B8F768FB2C3E9F7600185CB7 /* DesignSystem */,
				B8F769022C407B6600185CB7 /* FirebaseAuth */,
				B826AB302C485DAD007337B3 /* VoxelCore */,
				B826AB372C495206007337B3 /* VoxelSettings */,
				B85238802C58E36000EEF9BC /* Swinject */,
				B85238822C58E36000EEF9BC /* Swinject-Dynamic */,
			);
			productName = Voxel;
			productReference = B8DE13242C33F94400E59B82 /* Voxel.app */;
			productType = "com.apple.product-type.application";
		};
/* End PBXNativeTarget section */

/* Begin PBXProject section */
		B8DE131C2C33F94400E59B82 /* Project object */ = {
			isa = PBXProject;
			attributes = {
				BuildIndependentTargetsInParallel = 1;
				LastSwiftUpdateCheck = 1530;
				LastUpgradeCheck = 1530;
				TargetAttributes = {
					B8DE13232C33F94400E59B82 = {
						CreatedOnToolsVersion = 15.3;
					};
				};
			};
			buildConfigurationList = B8DE131F2C33F94400E59B82 /* Build configuration list for PBXProject "Voxel" */;
			compatibilityVersion = "Xcode 14.0";
			developmentRegion = en;
			hasScannedForEncodings = 0;
			knownRegions = (
				en,
				Base,
			);
			mainGroup = B8DE131B2C33F94400E59B82;
			packageReferences = (
				B8F769012C40788900185CB7 /* XCRemoteSwiftPackageReference "firebase-ios-sdk" */,
				B852387F2C58E36000EEF9BC /* XCRemoteSwiftPackageReference "Swinject" */,
			);
			productRefGroup = B8DE13252C33F94400E59B82 /* Products */;
			projectDirPath = "";
			projectRoot = "";
			targets = (
				B8DE13232C33F94400E59B82 /* Voxel */,
			);
		};
/* End PBXProject section */

/* Begin PBXResourcesBuildPhase section */
		B8DE13222C33F94400E59B82 /* Resources */ = {
			isa = PBXResourcesBuildPhase;
			buildActionMask = 2147483647;
			files = (
				B8DE13312C33F94500E59B82 /* Assets.xcassets in Resources */,
				B8DE136A2C37FF7D00E59B82 /* IBMPlexSerif-Regular.ttf in Resources */,
				B8F768FE2C3EA69800185CB7 /* IBMPlexSans-Bold.ttf in Resources */,
				B8DE136C2C38011100E59B82 /* IBMPlexSans-Regular.ttf in Resources */,
				B8DE13682C37F5C300E59B82 /* IBMPlexSerif-Bold.ttf in Resources */,
				B8DE136E2C3BF2B600E59B82 /* IBMPlexSans-SemiBold.ttf in Resources */,
				B852387A2C525DFE00EEF9BC /* GoogleService-Info.plist in Resources */,
				B8DE13342C33F94500E59B82 /* Base in Resources */,
			);
			runOnlyForDeploymentPostprocessing = 0;
		};
/* End PBXResourcesBuildPhase section */

/* Begin PBXSourcesBuildPhase section */
		B8DE13202C33F94400E59B82 /* Sources */ = {
			isa = PBXSourcesBuildPhase;
			buildActionMask = 2147483647;
			files = (
				B826AB332C491EDB007337B3 /* TabBarController.swift in Sources */,
				B8DE13282C33F94400E59B82 /* AppDelegate.swift in Sources */,
				B852387E2C5850DE00EEF9BC /* DIContainer.swift in Sources */,
				B85238852C58E45200EEF9BC /* AppAssembly.swift in Sources */,
				B8DE132A2C33F94400E59B82 /* SceneDelegate.swift in Sources */,
				B826AB352C49252E007337B3 /* Tab.swift in Sources */,
				B85238A62C64F40300EEF9BC /* AppCoordinator.swift in Sources */,
			);
			runOnlyForDeploymentPostprocessing = 0;
		};
/* End PBXSourcesBuildPhase section */

/* Begin PBXVariantGroup section */
		B8DE13322C33F94500E59B82 /* LaunchScreen.storyboard */ = {
			isa = PBXVariantGroup;
			children = (
				B8DE13332C33F94500E59B82 /* Base */,
			);
			name = LaunchScreen.storyboard;
			sourceTree = "<group>";
		};
/* End PBXVariantGroup section */

/* Begin XCBuildConfiguration section */
		B8DE13362C33F94500E59B82 /* Debug */ = {
			isa = XCBuildConfiguration;
			buildSettings = {
				ALWAYS_SEARCH_USER_PATHS = NO;
				ASSETCATALOG_COMPILER_GENERATE_SWIFT_ASSET_SYMBOL_EXTENSIONS = YES;
				CLANG_ANALYZER_NONNULL = YES;
				CLANG_ANALYZER_NUMBER_OBJECT_CONVERSION = YES_AGGRESSIVE;
				CLANG_CXX_LANGUAGE_STANDARD = "gnu++20";
				CLANG_ENABLE_MODULES = YES;
				CLANG_ENABLE_OBJC_ARC = YES;
				CLANG_ENABLE_OBJC_WEAK = YES;
				CLANG_WARN_BLOCK_CAPTURE_AUTORELEASING = YES;
				CLANG_WARN_BOOL_CONVERSION = YES;
				CLANG_WARN_COMMA = YES;
				CLANG_WARN_CONSTANT_CONVERSION = YES;
				CLANG_WARN_DEPRECATED_OBJC_IMPLEMENTATIONS = YES;
				CLANG_WARN_DIRECT_OBJC_ISA_USAGE = YES_ERROR;
				CLANG_WARN_DOCUMENTATION_COMMENTS = YES;
				CLANG_WARN_EMPTY_BODY = YES;
				CLANG_WARN_ENUM_CONVERSION = YES;
				CLANG_WARN_INFINITE_RECURSION = YES;
				CLANG_WARN_INT_CONVERSION = YES;
				CLANG_WARN_NON_LITERAL_NULL_CONVERSION = YES;
				CLANG_WARN_OBJC_IMPLICIT_RETAIN_SELF = YES;
				CLANG_WARN_OBJC_LITERAL_CONVERSION = YES;
				CLANG_WARN_OBJC_ROOT_CLASS = YES_ERROR;
				CLANG_WARN_QUOTED_INCLUDE_IN_FRAMEWORK_HEADER = YES;
				CLANG_WARN_RANGE_LOOP_ANALYSIS = YES;
				CLANG_WARN_STRICT_PROTOTYPES = YES;
				CLANG_WARN_SUSPICIOUS_MOVE = YES;
				CLANG_WARN_UNGUARDED_AVAILABILITY = YES_AGGRESSIVE;
				CLANG_WARN_UNREACHABLE_CODE = YES;
				CLANG_WARN__DUPLICATE_METHOD_MATCH = YES;
				COPY_PHASE_STRIP = NO;
				DEBUG_INFORMATION_FORMAT = dwarf;
				ENABLE_STRICT_OBJC_MSGSEND = YES;
				ENABLE_TESTABILITY = YES;
				ENABLE_USER_SCRIPT_SANDBOXING = YES;
				GCC_C_LANGUAGE_STANDARD = gnu17;
				GCC_DYNAMIC_NO_PIC = NO;
				GCC_NO_COMMON_BLOCKS = YES;
				GCC_OPTIMIZATION_LEVEL = 0;
				GCC_PREPROCESSOR_DEFINITIONS = (
					"DEBUG=1",
					"$(inherited)",
				);
				GCC_WARN_64_TO_32_BIT_CONVERSION = YES;
				GCC_WARN_ABOUT_RETURN_TYPE = YES_ERROR;
				GCC_WARN_UNDECLARED_SELECTOR = YES;
				GCC_WARN_UNINITIALIZED_AUTOS = YES_AGGRESSIVE;
				GCC_WARN_UNUSED_FUNCTION = YES;
				GCC_WARN_UNUSED_VARIABLE = YES;
				IPHONEOS_DEPLOYMENT_TARGET = 17.4;
				LOCALIZATION_PREFERS_STRING_CATALOGS = YES;
				MTL_ENABLE_DEBUG_INFO = INCLUDE_SOURCE;
				MTL_FAST_MATH = YES;
				ONLY_ACTIVE_ARCH = YES;
				SDKROOT = iphoneos;
				SWIFT_ACTIVE_COMPILATION_CONDITIONS = "DEBUG $(inherited)";
				SWIFT_OPTIMIZATION_LEVEL = "-Onone";
			};
			name = Debug;
		};
		B8DE13372C33F94500E59B82 /* Release */ = {
			isa = XCBuildConfiguration;
			buildSettings = {
				ALWAYS_SEARCH_USER_PATHS = NO;
				ASSETCATALOG_COMPILER_GENERATE_SWIFT_ASSET_SYMBOL_EXTENSIONS = YES;
				CLANG_ANALYZER_NONNULL = YES;
				CLANG_ANALYZER_NUMBER_OBJECT_CONVERSION = YES_AGGRESSIVE;
				CLANG_CXX_LANGUAGE_STANDARD = "gnu++20";
				CLANG_ENABLE_MODULES = YES;
				CLANG_ENABLE_OBJC_ARC = YES;
				CLANG_ENABLE_OBJC_WEAK = YES;
				CLANG_WARN_BLOCK_CAPTURE_AUTORELEASING = YES;
				CLANG_WARN_BOOL_CONVERSION = YES;
				CLANG_WARN_COMMA = YES;
				CLANG_WARN_CONSTANT_CONVERSION = YES;
				CLANG_WARN_DEPRECATED_OBJC_IMPLEMENTATIONS = YES;
				CLANG_WARN_DIRECT_OBJC_ISA_USAGE = YES_ERROR;
				CLANG_WARN_DOCUMENTATION_COMMENTS = YES;
				CLANG_WARN_EMPTY_BODY = YES;
				CLANG_WARN_ENUM_CONVERSION = YES;
				CLANG_WARN_INFINITE_RECURSION = YES;
				CLANG_WARN_INT_CONVERSION = YES;
				CLANG_WARN_NON_LITERAL_NULL_CONVERSION = YES;
				CLANG_WARN_OBJC_IMPLICIT_RETAIN_SELF = YES;
				CLANG_WARN_OBJC_LITERAL_CONVERSION = YES;
				CLANG_WARN_OBJC_ROOT_CLASS = YES_ERROR;
				CLANG_WARN_QUOTED_INCLUDE_IN_FRAMEWORK_HEADER = YES;
				CLANG_WARN_RANGE_LOOP_ANALYSIS = YES;
				CLANG_WARN_STRICT_PROTOTYPES = YES;
				CLANG_WARN_SUSPICIOUS_MOVE = YES;
				CLANG_WARN_UNGUARDED_AVAILABILITY = YES_AGGRESSIVE;
				CLANG_WARN_UNREACHABLE_CODE = YES;
				CLANG_WARN__DUPLICATE_METHOD_MATCH = YES;
				COPY_PHASE_STRIP = NO;
				DEBUG_INFORMATION_FORMAT = "dwarf-with-dsym";
				ENABLE_NS_ASSERTIONS = NO;
				ENABLE_STRICT_OBJC_MSGSEND = YES;
				ENABLE_USER_SCRIPT_SANDBOXING = YES;
				GCC_C_LANGUAGE_STANDARD = gnu17;
				GCC_NO_COMMON_BLOCKS = YES;
				GCC_WARN_64_TO_32_BIT_CONVERSION = YES;
				GCC_WARN_ABOUT_RETURN_TYPE = YES_ERROR;
				GCC_WARN_UNDECLARED_SELECTOR = YES;
				GCC_WARN_UNINITIALIZED_AUTOS = YES_AGGRESSIVE;
				GCC_WARN_UNUSED_FUNCTION = YES;
				GCC_WARN_UNUSED_VARIABLE = YES;
				IPHONEOS_DEPLOYMENT_TARGET = 17.4;
				LOCALIZATION_PREFERS_STRING_CATALOGS = YES;
				MTL_ENABLE_DEBUG_INFO = NO;
				MTL_FAST_MATH = YES;
				SDKROOT = iphoneos;
				SWIFT_COMPILATION_MODE = wholemodule;
				VALIDATE_PRODUCT = YES;
			};
			name = Release;
		};
		B8DE13392C33F94500E59B82 /* Debug */ = {
			isa = XCBuildConfiguration;
			buildSettings = {
				ASSETCATALOG_COMPILER_APPICON_NAME = AppIcon;
				ASSETCATALOG_COMPILER_GLOBAL_ACCENT_COLOR_NAME = AccentColor;
				CODE_SIGN_STYLE = Automatic;
				CURRENT_PROJECT_VERSION = 1;
				GENERATE_INFOPLIST_FILE = YES;
				INFOPLIST_FILE = Voxel/Info.plist;
				INFOPLIST_KEY_UIApplicationSupportsIndirectInputEvents = YES;
				INFOPLIST_KEY_UILaunchStoryboardName = LaunchScreen;
				INFOPLIST_KEY_UISupportedInterfaceOrientations_iPad = "UIInterfaceOrientationPortrait UIInterfaceOrientationPortraitUpsideDown UIInterfaceOrientationLandscapeLeft UIInterfaceOrientationLandscapeRight";
				INFOPLIST_KEY_UISupportedInterfaceOrientations_iPhone = "UIInterfaceOrientationPortrait UIInterfaceOrientationLandscapeLeft UIInterfaceOrientationLandscapeRight";
				LD_RUNPATH_SEARCH_PATHS = (
					"$(inherited)",
					"@executable_path/Frameworks",
				);
				MARKETING_VERSION = 1.0;
				PRODUCT_BUNDLE_IDENTIFIER = com.tvechorkofedora.Voxel;
				PRODUCT_NAME = "$(TARGET_NAME)";
				SWIFT_EMIT_LOC_STRINGS = YES;
				SWIFT_VERSION = 5.0;
				TARGETED_DEVICE_FAMILY = "1,2";
			};
			name = Debug;
		};
		B8DE133A2C33F94500E59B82 /* Release */ = {
			isa = XCBuildConfiguration;
			buildSettings = {
				ASSETCATALOG_COMPILER_APPICON_NAME = AppIcon;
				ASSETCATALOG_COMPILER_GLOBAL_ACCENT_COLOR_NAME = AccentColor;
				CODE_SIGN_STYLE = Automatic;
				CURRENT_PROJECT_VERSION = 1;
				GENERATE_INFOPLIST_FILE = YES;
				INFOPLIST_FILE = Voxel/Info.plist;
				INFOPLIST_KEY_UIApplicationSupportsIndirectInputEvents = YES;
				INFOPLIST_KEY_UILaunchStoryboardName = LaunchScreen;
				INFOPLIST_KEY_UISupportedInterfaceOrientations_iPad = "UIInterfaceOrientationPortrait UIInterfaceOrientationPortraitUpsideDown UIInterfaceOrientationLandscapeLeft UIInterfaceOrientationLandscapeRight";
				INFOPLIST_KEY_UISupportedInterfaceOrientations_iPhone = "UIInterfaceOrientationPortrait UIInterfaceOrientationLandscapeLeft UIInterfaceOrientationLandscapeRight";
				LD_RUNPATH_SEARCH_PATHS = (
					"$(inherited)",
					"@executable_path/Frameworks",
				);
				MARKETING_VERSION = 1.0;
				PRODUCT_BUNDLE_IDENTIFIER = com.tvechorkofedora.Voxel;
				PRODUCT_NAME = "$(TARGET_NAME)";
				SWIFT_EMIT_LOC_STRINGS = YES;
				SWIFT_VERSION = 5.0;
				TARGETED_DEVICE_FAMILY = "1,2";
			};
			name = Release;
		};
/* End XCBuildConfiguration section */

/* Begin XCConfigurationList section */
		B8DE131F2C33F94400E59B82 /* Build configuration list for PBXProject "Voxel" */ = {
			isa = XCConfigurationList;
			buildConfigurations = (
				B8DE13362C33F94500E59B82 /* Debug */,
				B8DE13372C33F94500E59B82 /* Release */,
			);
			defaultConfigurationIsVisible = 0;
			defaultConfigurationName = Release;
		};
		B8DE13382C33F94500E59B82 /* Build configuration list for PBXNativeTarget "Voxel" */ = {
			isa = XCConfigurationList;
			buildConfigurations = (
				B8DE13392C33F94500E59B82 /* Debug */,
				B8DE133A2C33F94500E59B82 /* Release */,
			);
			defaultConfigurationIsVisible = 0;
			defaultConfigurationName = Release;
		};
/* End XCConfigurationList section */

/* Begin XCRemoteSwiftPackageReference section */
		B852387F2C58E36000EEF9BC /* XCRemoteSwiftPackageReference "Swinject" */ = {
			isa = XCRemoteSwiftPackageReference;
			repositoryURL = "https://github.com/Swinject/Swinject.git";
			requirement = {
				kind = upToNextMajorVersion;
				minimumVersion = 2.9.1;
			};
		};
		B8F769012C40788900185CB7 /* XCRemoteSwiftPackageReference "firebase-ios-sdk" */ = {
			isa = XCRemoteSwiftPackageReference;
			repositoryURL = "https://github.com/firebase/firebase-ios-sdk";
			requirement = {
				kind = exactVersion;
				version = 10.29.0;
			};
		};
/* End XCRemoteSwiftPackageReference section */

/* Begin XCSwiftPackageProductDependency section */
		B826AB302C485DAD007337B3 /* VoxelCore */ = {
			isa = XCSwiftPackageProductDependency;
			productName = VoxelCore;
		};
		B826AB372C495206007337B3 /* VoxelSettings */ = {
			isa = XCSwiftPackageProductDependency;
			productName = VoxelSettings;
		};
		B85238802C58E36000EEF9BC /* Swinject */ = {
			isa = XCSwiftPackageProductDependency;
			package = B852387F2C58E36000EEF9BC /* XCRemoteSwiftPackageReference "Swinject" */;
			productName = Swinject;
		};
		B85238822C58E36000EEF9BC /* Swinject-Dynamic */ = {
			isa = XCSwiftPackageProductDependency;
			package = B852387F2C58E36000EEF9BC /* XCRemoteSwiftPackageReference "Swinject" */;
			productName = "Swinject-Dynamic";
		};
		B8DE13632C37E9AB00E59B82 /* VoxelLogin */ = {
			isa = XCSwiftPackageProductDependency;
			productName = VoxelLogin;
		};
		B8F768FB2C3E9F7600185CB7 /* DesignSystem */ = {
			isa = XCSwiftPackageProductDependency;
			productName = DesignSystem;
		};
		B8F769022C407B6600185CB7 /* FirebaseAuth */ = {
			isa = XCSwiftPackageProductDependency;
			package = B8F769012C40788900185CB7 /* XCRemoteSwiftPackageReference "firebase-ios-sdk" */;
			productName = FirebaseAuth;
		};
/* End XCSwiftPackageProductDependency section */
	};
	rootObject = B8DE131C2C33F94400E59B82 /* Project object */;
}
